# THIS IS AN AUTOGENERATED FILE. DO NOT EDIT THIS FILE DIRECTLY.
# yarn lockfile v1


"@prisma/engines@4.1.0":
  version "4.1.0"
  resolved "https://registry.yarnpkg.com/@prisma/engines/-/engines-4.1.0.tgz#da8002d4b75c92e3fd564ba5b0bd04847ffb3c4c"
  integrity sha512-quqHXD3P83NBLVtRlts4SgKHmqgA8GMiyDTJ7af03Wg0gl6F5t65mBYvIuwmD+52vHm42JtIsp/fAO9YIV0JBA==

prisma@^4.1.0:
  version "4.1.0"
  resolved "https://registry.yarnpkg.com/prisma/-/prisma-4.1.0.tgz#5d43597f0f2603a4a75d9586346c74110d8e221f"
  integrity sha512-iwqpAT6In1uvMSwQAM3PqmaBdhh2OaQ/2t+n3RjpW4vAKP3R7E1T34FZUU4zGOWtMWm5dt0sPThQkT/h87r6gw==
  dependencies:
    "@prisma/engines" "4.1.0"
